
Microsoft Visual Studio Solution File, Format Version 12.00
# Visual Studio Version 17
VisualStudioVersion = 17.7.34202.233
MinimumVisualStudioVersion = 10.0.40219.1
Project("{2150E333-8FDC-42A3-9474-1A3956D46DE8}") = "Microservices", "Microservices", "{9E73E873-1E27-4E51-9A83-2E30AE577F3C}"
EndProject
Project("{2150E333-8FDC-42A3-9474-1A3956D46DE8}") = "Domain", "Domain", "{F532A72E-AE9E-422B-BC77-041444CA6B2B}"
EndProject
Project("{2150E333-8FDC-42A3-9474-1A3956D46DE8}") = "Infra.Bus", "Infra.Bus", "{97D877BD-C4DF-4333-B8C0-C4A04FBC4427}"
EndProject
Project("{2150E333-8FDC-42A3-9474-1A3956D46DE8}") = "Infra.IoC", "Infra.IoC", "{F4815815-3D60-471D-B69E-15F46A2ADCA4}"
EndProject
Project("{2150E333-8FDC-42A3-9474-1A3956D46DE8}") = "Presentation", "Presentation", "{0786B473-2392-4A79-BBDC-2C33886B7B6A}"
EndProject
Project("{9A19103F-16F7-4668-BE54-9A1E7A4F7556}") = "MicroRabbit.Domain", "MicroRabbit.Domain\MicroRabbit.Domain.csproj", "{7B59264F-B6E2-4AF6-8586-C7A79A02432E}"
EndProject
Project("{9A19103F-16F7-4668-BE54-9A1E7A4F7556}") = "MicroRabbit.Infra.Bus", "MicroRabbit.Infra.Bus\MicroRabbit.Infra.Bus.csproj", "{72EA3CC0-571E-47B8-AA07-84A71D8C5897}"
EndProject
Project("{FAE04EC0-301F-11D3-BF4B-00C04F79EFBC}") = "MicroRabbit.Infra.IoC", "MicroRabbit.Infra.IoC\MicroRabbit.Infra.IoC.csproj", "{2E56A100-79DD-4D4E-AC0E-3B8BABC0C8D0}"
EndProject
Global
	GlobalSection(SolutionConfigurationPlatforms) = preSolution
		Debug|Any CPU = Debug|Any CPU
		Release|Any CPU = Release|Any CPU
	EndGlobalSection
	GlobalSection(ProjectConfigurationPlatforms) = postSolution
		{7B59264F-B6E2-4AF6-8586-C7A79A02432E}.Debug|Any CPU.ActiveCfg = Debug|Any CPU
		{7B59264F-B6E2-4AF6-8586-C7A79A02432E}.Debug|Any CPU.Build.0 = Debug|Any CPU
		{7B59264F-B6E2-4AF6-8586-C7A79A02432E}.Release|Any CPU.ActiveCfg = Release|Any CPU
		{7B59264F-B6E2-4AF6-8586-C7A79A02432E}.Release|Any CPU.Build.0 = Release|Any CPU
		{72EA3CC0-571E-47B8-AA07-84A71D8C5897}.Debug|Any CPU.ActiveCfg = Debug|Any CPU
		{72EA3CC0-571E-47B8-AA07-84A71D8C5897}.Debug|Any CPU.Build.0 = Debug|Any CPU
		{72EA3CC0-571E-47B8-AA07-84A71D8C5897}.Release|Any CPU.ActiveCfg = Release|Any CPU
		{72EA3CC0-571E-47B8-AA07-84A71D8C5897}.Release|Any CPU.Build.0 = Release|Any CPU
		{2E56A100-79DD-4D4E-AC0E-3B8BABC0C8D0}.Debug|Any CPU.ActiveCfg = Debug|Any CPU
		{2E56A100-79DD-4D4E-AC0E-3B8BABC0C8D0}.Debug|Any CPU.Build.0 = Debug|Any CPU
		{2E56A100-79DD-4D4E-AC0E-3B8BABC0C8D0}.Release|Any CPU.ActiveCfg = Release|Any CPU
		{2E56A100-79DD-4D4E-AC0E-3B8BABC0C8D0}.Release|Any CPU.Build.0 = Release|Any CPU
	EndGlobalSection
	GlobalSection(SolutionProperties) = preSolution
		HideSolutionNode = FALSE
	EndGlobalSection
	GlobalSection(NestedProjects) = preSolution
		{7B59264F-B6E2-4AF6-8586-C7A79A02432E} = {F532A72E-AE9E-422B-BC77-041444CA6B2B}
		{72EA3CC0-571E-47B8-AA07-84A71D8C5897} = {97D877BD-C4DF-4333-B8C0-C4A04FBC4427}
		{2E56A100-79DD-4D4E-AC0E-3B8BABC0C8D0} = {F4815815-3D60-471D-B69E-15F46A2ADCA4}
	EndGlobalSection
	GlobalSection(ExtensibilityGlobals) = postSolution
		SolutionGuid = {74CD8FDD-71D2-4EFC-8C1A-C7E016B570DE}
	EndGlobalSection
EndGlobal
